PODS:
  - AFNetworking (3.1.0):
    - AFNetworking/NSURLSession (= 3.1.0)
    - AFNetworking/Reachability (= 3.1.0)
    - AFNetworking/Security (= 3.1.0)
    - AFNetworking/Serialization (= 3.1.0)
    - AFNetworking/UIKit (= 3.1.0)
  - AFNetworking/NSURLSession (3.1.0):
    - AFNetworking/Reachability
    - AFNetworking/Security
    - AFNetworking/Serialization
  - AFNetworking/Reachability (3.1.0)
  - AFNetworking/Security (3.1.0)
  - AFNetworking/Serialization (3.1.0)
  - AFNetworking/UIKit (3.1.0):
    - AFNetworking/NSURLSession
  - AttributedMarkdown (0.9.2)
  - BBAEDebugTool (1.0.0):
    - FLEX (~> 3.0.0)
  - BBAEPushSDK/Core (1.0.3)
  - BBAEPushSDK/MiPush (1.0.3):
    - BBAEPushSDK/Core
    - MiPushSDK
  - Down (0.5.0)
  - FLEX (3.0.0)
  - Masonry (1.1.0)
  - MiPushSDK (2.2.8)
  - MJExtension (3.0.17)
  - MJRefresh (3.1.15.7)
  - SDWebImage (4.2.3):
    - SDWebImage/Core (= 4.2.3)
  - SDWebImage/Core (4.2.3)
  - SnapKit (4.2.0)
  - YYCache (1.0.4)
  - YYImage (1.0.4):
    - YYImage/Core (= 1.0.4)
  - YYImage/Core (1.0.4)
  - YYModel (1.0.4)
  - YYText (1.0.7)
  - YYWebImage (1.0.5):
    - YYCache
    - YYImage

DEPENDENCIES:
  - AFNetworking (~> 3.1.0)
  - AttributedMarkdown (from `https://github.com/dreamwieber/AttributedMarkdown.git`)
  - BBAEDebugTool
  - BBAEPushSDK/MiPush (= 1.0.3)
  - Down
  - Masonry (~> 1.1.0)
  - MJExtension (~> 3.0.13)
  - MJRefresh (~> 3.1.15.3)
  - SDWebImage (~> 4.2.0)
  - SnapKit (~> 4.2.0)
  - YYCache
  - YYImage
  - YYModel
  - YYText
  - YYWebImage

SPEC REPOS:
  http://git.jimubox.com/BBAE/iOS-toB-Specs.git:
    - BBAEDebugTool
    - BBAEPushSDK
  https://github.com/CocoaPods/Specs.git:
    - AFNetworking
    - Down
    - FLEX
    - Masonry
    - MiPushSDK
    - MJExtension
    - MJRefresh
    - SDWebImage
    - SnapKit
    - YYCache
    - YYImage
    - YYModel
    - YYText
    - YYWebImage

EXTERNAL SOURCES:
  AttributedMarkdown:
    :git: https://github.com/dreamwieber/AttributedMarkdown.git

CHECKOUT OPTIONS:
  AttributedMarkdown:
    :commit: 4aef3c80e0ffe6c7011c20c7f703ea56af774861
    :git: https://github.com/dreamwieber/AttributedMarkdown.git

SPEC CHECKSUMS:
  AFNetworking: 5e0e199f73d8626b11e79750991f5d173d1f8b67
  AttributedMarkdown: ac5060667280be8cc8ee33a46c73e4ec6b17ca1a
  BBAEDebugTool: 44f90dad12b82c180cb01e0f18e7542220792ba2
  BBAEPushSDK: a1bf7ab3940dc876ecded7cf106edf7e5ba5abb3
  Down: 560261dbefd41f7a86f11c5e7a5cd9f9596ae5b3
  FLEX: d66c759bce0f6ebbbf472c742380874d846f2883
  Masonry: 678fab65091a9290e40e2832a55e7ab731aad201
  MiPushSDK: cd22d6430f8928a0920c60ff98de89ed5da146d9
  MJExtension: 74ec83124a68891619fb7ba9c5c811bbf1691076
  MJRefresh: 697f8ec75ebdbe9207767bb682cf0f51b0d8a41f
  SDWebImage: 791bb72962b3492327ddcac4b1880bd1b5458431
  SnapKit: fe8a619752f3f27075cc9a90244d75c6c3f27e2a
  YYCache: 8105b6638f5e849296c71f331ff83891a4942952
  YYImage: 1e1b62a9997399593e4b9c4ecfbbabbf1d3f3b54
  YYModel: 2a7fdd96aaa4b86a824e26d0c517de8928c04b30
  YYText: 5c461d709e24d55a182d1441c41dc639a18a4849
  YYWebImage: 5f7f36aee2ae293f016d418c7d6ba05c4863e928

PODFILE CHECKSUM: d60b090464d23c4ccd68aac382d9d11140c5b6af

COCOAPODS: 1.8.4
